
Microsoft Visual Studio Solution File, Format Version 12.00
# Visual Studio 15
VisualStudioVersion = 15.0.27703.2047
MinimumVisualStudioVersion = 10.0.40219.1
Project("{FAE04EC0-301F-11D3-BF4B-00C04F79EFBC}") = "ASP NET MVC", "ASP NET MVC\ASP NET MVC.csproj", "{BB98A6F7-F450-44C2-8655-47FF581097C7}"
EndProject
Project("{FAE04EC0-301F-11D3-BF4B-00C04F79EFBC}") = "WebApplication2", "WebApplication2\WebApplication2.csproj", "{9F8BC317-0855-4525-89AA-8A0210D8662C}"
EndProject
Project("{FAE04EC0-301F-11D3-BF4B-00C04F79EFBC}") = "Razor samples", "Razor samples\Razor samples.csproj", "{E230C0DD-A467-410E-8A38-4786345F305F}"
EndProject
Project("{FAE04EC0-301F-11D3-BF4B-00C04F79EFBC}") = "Ninject", "Ninject\Ninject.csproj", "{F79FACF5-BD62-4C7C-AF07-0F5D13B3F673}"
EndProject
Project("{FAE04EC0-301F-11D3-BF4B-00C04F79EFBC}") = "Ninject.Tests", "Ninject.Tests\Ninject.Tests.csproj", "{C9ED8602-8DFD-414C-AE37-11712E3C049D}"
EndProject
Project("{FAE04EC0-301F-11D3-BF4B-00C04F79EFBC}") = "UrlsAndRoutes", "UrlsAndRoutes\UrlsAndRoutes.csproj", "{83A7ACE6-BA8D-4B6F-98D2-92EDA3C6F3FD}"
EndProject
Project("{FAE04EC0-301F-11D3-BF4B-00C04F79EFBC}") = "UrlsAndRoutes.Tests", "UrlsAndRoutes.Tests\UrlsAndRoutes.Tests.csproj", "{FC9E0949-D25B-496A-9641-D4A58AA70891}"
EndProject
Global
	GlobalSection(SolutionConfigurationPlatforms) = preSolution
		Debug|Any CPU = Debug|Any CPU
		Release|Any CPU = Release|Any CPU
	EndGlobalSection
	GlobalSection(ProjectConfigurationPlatforms) = postSolution
		{BB98A6F7-F450-44C2-8655-47FF581097C7}.Debug|Any CPU.ActiveCfg = Debug|Any CPU
		{BB98A6F7-F450-44C2-8655-47FF581097C7}.Debug|Any CPU.Build.0 = Debug|Any CPU
		{BB98A6F7-F450-44C2-8655-47FF581097C7}.Release|Any CPU.ActiveCfg = Release|Any CPU
		{BB98A6F7-F450-44C2-8655-47FF581097C7}.Release|Any CPU.Build.0 = Release|Any CPU
		{9F8BC317-0855-4525-89AA-8A0210D8662C}.Debug|Any CPU.ActiveCfg = Debug|Any CPU
		{9F8BC317-0855-4525-89AA-8A0210D8662C}.Debug|Any CPU.Build.0 = Debug|Any CPU
		{9F8BC317-0855-4525-89AA-8A0210D8662C}.Release|Any CPU.ActiveCfg = Release|Any CPU
		{9F8BC317-0855-4525-89AA-8A0210D8662C}.Release|Any CPU.Build.0 = Release|Any CPU
		{E230C0DD-A467-410E-8A38-4786345F305F}.Debug|Any CPU.ActiveCfg = Debug|Any CPU
		{E230C0DD-A467-410E-8A38-4786345F305F}.Debug|Any CPU.Build.0 = Debug|Any CPU
		{E230C0DD-A467-410E-8A38-4786345F305F}.Release|Any CPU.ActiveCfg = Release|Any CPU
		{E230C0DD-A467-410E-8A38-4786345F305F}.Release|Any CPU.Build.0 = Release|Any CPU
		{F79FACF5-BD62-4C7C-AF07-0F5D13B3F673}.Debug|Any CPU.ActiveCfg = Debug|Any CPU
		{F79FACF5-BD62-4C7C-AF07-0F5D13B3F673}.Debug|Any CPU.Build.0 = Debug|Any CPU
		{F79FACF5-BD62-4C7C-AF07-0F5D13B3F673}.Release|Any CPU.ActiveCfg = Release|Any CPU
		{F79FACF5-BD62-4C7C-AF07-0F5D13B3F673}.Release|Any CPU.Build.0 = Release|Any CPU
		{C9ED8602-8DFD-414C-AE37-11712E3C049D}.Debug|Any CPU.ActiveCfg = Debug|Any CPU
		{C9ED8602-8DFD-414C-AE37-11712E3C049D}.Debug|Any CPU.Build.0 = Debug|Any CPU
		{C9ED8602-8DFD-414C-AE37-11712E3C049D}.Release|Any CPU.ActiveCfg = Release|Any CPU
		{C9ED8602-8DFD-414C-AE37-11712E3C049D}.Release|Any CPU.Build.0 = Release|Any CPU
		{83A7ACE6-BA8D-4B6F-98D2-92EDA3C6F3FD}.Debug|Any CPU.ActiveCfg = Debug|Any CPU
		{83A7ACE6-BA8D-4B6F-98D2-92EDA3C6F3FD}.Debug|Any CPU.Build.0 = Debug|Any CPU
		{83A7ACE6-BA8D-4B6F-98D2-92EDA3C6F3FD}.Release|Any CPU.ActiveCfg = Release|Any CPU
		{83A7ACE6-BA8D-4B6F-98D2-92EDA3C6F3FD}.Release|Any CPU.Build.0 = Release|Any CPU
		{FC9E0949-D25B-496A-9641-D4A58AA70891}.Debug|Any CPU.ActiveCfg = Debug|Any CPU
		{FC9E0949-D25B-496A-9641-D4A58AA70891}.Debug|Any CPU.Build.0 = Debug|Any CPU
		{FC9E0949-D25B-496A-9641-D4A58AA70891}.Release|Any CPU.ActiveCfg = Release|Any CPU
		{FC9E0949-D25B-496A-9641-D4A58AA70891}.Release|Any CPU.Build.0 = Release|Any CPU
	EndGlobalSection
	GlobalSection(SolutionProperties) = preSolution
		HideSolutionNode = FALSE
	EndGlobalSection
	GlobalSection(ExtensibilityGlobals) = postSolution
		SolutionGuid = {8B6E5787-576E-4DF1-A65F-AE42BBE44502}
	EndGlobalSection
EndGlobal
