
Microsoft Visual Studio Solution File, Format Version 12.00
# Visual Studio 15
VisualStudioVersion = 15.0.27703.2047
MinimumVisualStudioVersion = 10.0.40219.1
Project("{FAE04EC0-301F-11D3-BF4B-00C04F79EFBC}") = "ASP NET MVC", "ASP NET MVC\ASP NET MVC.csproj", "{BB98A6F7-F450-44C2-8655-47FF581097C7}"
EndProject
Project("{FAE04EC0-301F-11D3-BF4B-00C04F79EFBC}") = "WebApplication2", "WebApplication2\WebApplication2.csproj", "{9F8BC317-0855-4525-89AA-8A0210D8662C}"
EndProject
Global
	GlobalSection(SolutionConfigurationPlatforms) = preSolution
		Debug|Any CPU = Debug|Any CPU
		Release|Any CPU = Release|Any CPU
	EndGlobalSection
	GlobalSection(ProjectConfigurationPlatforms) = postSolution
		{BB98A6F7-F450-44C2-8655-47FF581097C7}.Debug|Any CPU.ActiveCfg = Debug|Any CPU
		{BB98A6F7-F450-44C2-8655-47FF581097C7}.Debug|Any CPU.Build.0 = Debug|Any CPU
		{BB98A6F7-F450-44C2-8655-47FF581097C7}.Release|Any CPU.ActiveCfg = Release|Any CPU
		{BB98A6F7-F450-44C2-8655-47FF581097C7}.Release|Any CPU.Build.0 = Release|Any CPU
		{9F8BC317-0855-4525-89AA-8A0210D8662C}.Debug|Any CPU.ActiveCfg = Debug|Any CPU
		{9F8BC317-0855-4525-89AA-8A0210D8662C}.Debug|Any CPU.Build.0 = Debug|Any CPU
		{9F8BC317-0855-4525-89AA-8A0210D8662C}.Release|Any CPU.ActiveCfg = Release|Any CPU
		{9F8BC317-0855-4525-89AA-8A0210D8662C}.Release|Any CPU.Build.0 = Release|Any CPU
	EndGlobalSection
	GlobalSection(SolutionProperties) = preSolution
		HideSolutionNode = FALSE
	EndGlobalSection
	GlobalSection(ExtensibilityGlobals) = postSolution
		SolutionGuid = {8B6E5787-576E-4DF1-A65F-AE42BBE44502}
	EndGlobalSection
EndGlobal
